
Microsoft Visual Studio Solution File, Format Version 12.00
# Visual Studio 2013
VisualStudioVersion = 12.0.31101.0
MinimumVisualStudioVersion = 10.0.40219.1
Project("{8BC9CEB8-8B4A-11D0-8D11-00A0C91BC942}") = "gpu-switch", "gpu-switch\gpu-switch.vcxproj", "{D32E2D4B-B062-4FE0-AD38-058E22BA4ADE}"
EndProject
Global
	GlobalSection(SolutionConfigurationPlatforms) = preSolution
		Debug|Win32 = Debug|Win32
		Release|Win32 = Release|Win32
	EndGlobalSection
	GlobalSection(ProjectConfigurationPlatforms) = postSolution
		{D32E2D4B-B062-4FE0-AD38-058E22BA4ADE}.Debug|Win32.ActiveCfg = Debug|Win32
		{D32E2D4B-B062-4FE0-AD38-058E22BA4ADE}.Debug|Win32.Build.0 = Debug|Win32
		{D32E2D4B-B062-4FE0-AD38-058E22BA4ADE}.Release|Win32.ActiveCfg = Release|Win32
		{D32E2D4B-B062-4FE0-AD38-058E22BA4ADE}.Release|Win32.Build.0 = Release|Win32
	EndGlobalSection
	GlobalSection(SolutionProperties) = preSolution
		HideSolutionNode = FALSE
	EndGlobalSection
EndGlobal
